// !$*UTF8*$!
{
	archiveVersion = 1;
	classes = {
	};
	objectVersion = 46;
	objects = {

/* Begin PBXBuildFile section */
		840860C21C8B6A12000AEC6B /* Main.storyboard in Resources */ = {isa = PBXBuildFile; fileRef = 840860C01C8B6A12000AEC6B /* Main.storyboard */; };
		840860C71C8B6A12000AEC6B /* LaunchScreen.storyboard in Resources */ = {isa = PBXBuildFile; fileRef = 840860C51C8B6A12000AEC6B /* LaunchScreen.storyboard */; };
		840860D81C8B6CFE000AEC6B /* AppDelegate.swift in Sources */ = {isa = PBXBuildFile; fileRef = 840860D61C8B6CFE000AEC6B /* AppDelegate.swift */; };
		840860DB1C8B6D67000AEC6B /* Assets.xcassets in Resources */ = {isa = PBXBuildFile; fileRef = 840860DA1C8B6D67000AEC6B /* Assets.xcassets */; };
		840860DD1C8B704B000AEC6B /* Constant.swift in Sources */ = {isa = PBXBuildFile; fileRef = 840860DC1C8B704B000AEC6B /* Constant.swift */; };
		840860E51C8B79CF000AEC6B /* CABSections.swift in Sources */ = {isa = PBXBuildFile; fileRef = 840860E41C8B79CF000AEC6B /* CABSections.swift */; };
		840860E91C8B85A1000AEC6B /* CABThemeProtocol.swift in Sources */ = {isa = PBXBuildFile; fileRef = 840860E81C8B85A1000AEC6B /* CABThemeProtocol.swift */; };
		840860EF1C8BA1F0000AEC6B /* CABMenuTableViewController.swift in Sources */ = {isa = PBXBuildFile; fileRef = 840860EE1C8BA1F0000AEC6B /* CABMenuTableViewController.swift */; };
		840860F11C8BA245000AEC6B /* CABAppRespose.swift in Sources */ = {isa = PBXBuildFile; fileRef = 840860F01C8BA245000AEC6B /* CABAppRespose.swift */; };
		840860F31C8BA256000AEC6B /* CABThemeOrange.swift in Sources */ = {isa = PBXBuildFile; fileRef = 840860F21C8BA256000AEC6B /* CABThemeOrange.swift */; };
		840860F51C8BA264000AEC6B /* UIColor+Extension.swift in Sources */ = {isa = PBXBuildFile; fileRef = 840860F41C8BA264000AEC6B /* UIColor+Extension.swift */; };
/* End PBXBuildFile section */

/* Begin PBXFileReference section */
		840860B91C8B6A11000AEC6B /* CalpeApartmentBrief.app */ = {isa = PBXFileReference; explicitFileType = wrapper.application; includeInIndex = 0; path = CalpeApartmentBrief.app; sourceTree = BUILT_PRODUCTS_DIR; };
		840860C11C8B6A12000AEC6B /* Base */ = {isa = PBXFileReference; lastKnownFileType = file.storyboard; name = Base; path = Base.lproj/Main.storyboard; sourceTree = "<group>"; };
		840860C61C8B6A12000AEC6B /* Base */ = {isa = PBXFileReference; lastKnownFileType = file.storyboard; name = Base; path = Base.lproj/LaunchScreen.storyboard; sourceTree = "<group>"; };
		840860D61C8B6CFE000AEC6B /* AppDelegate.swift */ = {isa = PBXFileReference; fileEncoding = 4; lastKnownFileType = sourcecode.swift; name = AppDelegate.swift; path = CalpeApartmentBrief/Utility/AppDelegate.swift; sourceTree = "<group>"; };
		840860D71C8B6CFE000AEC6B /* Info.plist */ = {isa = PBXFileReference; fileEncoding = 4; lastKnownFileType = text.plist.xml; name = Info.plist; path = CalpeApartmentBrief/Utility/Info.plist; sourceTree = "<group>"; };
		840860DA1C8B6D67000AEC6B /* Assets.xcassets */ = {isa = PBXFileReference; lastKnownFileType = folder.assetcatalog; name = Assets.xcassets; path = Resources/Assets.xcassets; sourceTree = "<group>"; };
		840860DC1C8B704B000AEC6B /* Constant.swift */ = {isa = PBXFileReference; fileEncoding = 4; lastKnownFileType = sourcecode.swift; name = Constant.swift; path = CalpeApartmentBrief/Utility/Constant.swift; sourceTree = "<group>"; };
		840860E41C8B79CF000AEC6B /* CABSections.swift */ = {isa = PBXFileReference; fileEncoding = 4; lastKnownFileType = sourcecode.swift; name = CABSections.swift; path = CalpeApartmentBrief/Model/CABSections.swift; sourceTree = "<group>"; };
		840860E81C8B85A1000AEC6B /* CABThemeProtocol.swift */ = {isa = PBXFileReference; fileEncoding = 4; lastKnownFileType = sourcecode.swift; name = CABThemeProtocol.swift; path = CalpeApartmentBrief/Utility/CABThemeProtocol.swift; sourceTree = "<group>"; };
		840860EE1C8BA1F0000AEC6B /* CABMenuTableViewController.swift */ = {isa = PBXFileReference; fileEncoding = 4; lastKnownFileType = sourcecode.swift; name = CABMenuTableViewController.swift; path = CalpeApartmentBrief/Controller/CABMenuTableViewController.swift; sourceTree = "<group>"; };
		840860F01C8BA245000AEC6B /* CABAppRespose.swift */ = {isa = PBXFileReference; fileEncoding = 4; lastKnownFileType = sourcecode.swift; name = CABAppRespose.swift; path = CalpeApartmentBrief/Utility/CABAppRespose.swift; sourceTree = "<group>"; };
		840860F21C8BA256000AEC6B /* CABThemeOrange.swift */ = {isa = PBXFileReference; fileEncoding = 4; lastKnownFileType = sourcecode.swift; name = CABThemeOrange.swift; path = CalpeApartmentBrief/Utility/CABThemeOrange.swift; sourceTree = "<group>"; };
		840860F41C8BA264000AEC6B /* UIColor+Extension.swift */ = {isa = PBXFileReference; fileEncoding = 4; lastKnownFileType = sourcecode.swift; name = "UIColor+Extension.swift"; path = "CalpeApartmentBrief/Utility/UIColor+Extension.swift"; sourceTree = "<group>"; };
/* End PBXFileReference section */

/* Begin PBXFrameworksBuildPhase section */
		840860B61C8B6A11000AEC6B /* Frameworks */ = {
			isa = PBXFrameworksBuildPhase;
			buildActionMask = 2147483647;
			files = (
			);
			runOnlyForDeploymentPostprocessing = 0;
		};
/* End PBXFrameworksBuildPhase section */

/* Begin PBXGroup section */
		840860B01C8B6A11000AEC6B = {
			isa = PBXGroup;
			children = (
				840860BB1C8B6A11000AEC6B /* CalpeApartmentBrief */,
				840860BA1C8B6A11000AEC6B /* Products */,
			);
			sourceTree = "<group>";
		};
		840860BA1C8B6A11000AEC6B /* Products */ = {
			isa = PBXGroup;
			children = (
				840860B91C8B6A11000AEC6B /* CalpeApartmentBrief.app */,
			);
			name = Products;
			sourceTree = "<group>";
		};
		840860BB1C8B6A11000AEC6B /* CalpeApartmentBrief */ = {
			isa = PBXGroup;
			children = (
				840860CE1C8B6A4E000AEC6B /* Model */,
				840860CF1C8B6A56000AEC6B /* View */,
				840860D01C8B6A66000AEC6B /* Controller */,
				840860D11C8B6A79000AEC6B /* Utility */,
				840860D31C8B6B0C000AEC6B /* Resources */,
				840860D51C8B6C34000AEC6B /* Frameworks */,
				840860C01C8B6A12000AEC6B /* Main.storyboard */,
				840860C51C8B6A12000AEC6B /* LaunchScreen.storyboard */,
			);
			path = CalpeApartmentBrief;
			sourceTree = "<group>";
		};
		840860CE1C8B6A4E000AEC6B /* Model */ = {
			isa = PBXGroup;
			children = (
				840860D41C8B6B25000AEC6B /* DataServices */,
				840860E41C8B79CF000AEC6B /* CABSections.swift */,
			);
			name = Model;
			path = ..;
			sourceTree = "<group>";
		};
		840860CF1C8B6A56000AEC6B /* View */ = {
			isa = PBXGroup;
			children = (
			);
			name = View;
			path = ..;
			sourceTree = "<group>";
		};
		840860D01C8B6A66000AEC6B /* Controller */ = {
			isa = PBXGroup;
			children = (
				840860EE1C8BA1F0000AEC6B /* CABMenuTableViewController.swift */,
			);
			name = Controller;
			path = ..;
			sourceTree = "<group>";
		};
		840860D11C8B6A79000AEC6B /* Utility */ = {
			isa = PBXGroup;
			children = (
				840860F01C8BA245000AEC6B /* CABAppRespose.swift */,
				840860DC1C8B704B000AEC6B /* Constant.swift */,
				840860E81C8B85A1000AEC6B /* CABThemeProtocol.swift */,
				840860F21C8BA256000AEC6B /* CABThemeOrange.swift */,
				840860F41C8BA264000AEC6B /* UIColor+Extension.swift */,
				840860D61C8B6CFE000AEC6B /* AppDelegate.swift */,
				840860D71C8B6CFE000AEC6B /* Info.plist */,
			);
			name = Utility;
			path = ..;
			sourceTree = "<group>";
		};
		840860D31C8B6B0C000AEC6B /* Resources */ = {
			isa = PBXGroup;
			children = (
				840860DA1C8B6D67000AEC6B /* Assets.xcassets */,
			);
			name = Resources;
			sourceTree = "<group>";
		};
		840860D41C8B6B25000AEC6B /* DataServices */ = {
			isa = PBXGroup;
			children = (
			);
			name = DataServices;
			sourceTree = "<group>";
		};
		840860D51C8B6C34000AEC6B /* Frameworks */ = {
			isa = PBXGroup;
			children = (
			);
			name = Frameworks;
			path = ..;
			sourceTree = "<group>";
		};
/* End PBXGroup section */

/* Begin PBXNativeTarget section */
		840860B81C8B6A11000AEC6B /* CalpeApartmentBrief */ = {
			isa = PBXNativeTarget;
			buildConfigurationList = 840860CB1C8B6A12000AEC6B /* Build configuration list for PBXNativeTarget "CalpeApartmentBrief" */;
			buildPhases = (
				840860B51C8B6A11000AEC6B /* Sources */,
				840860B61C8B6A11000AEC6B /* Frameworks */,
				840860B71C8B6A11000AEC6B /* Resources */,
			);
			buildRules = (
			);
			dependencies = (
			);
			name = CalpeApartmentBrief;
			productName = CalpeApartmentBrief;
			productReference = 840860B91C8B6A11000AEC6B /* CalpeApartmentBrief.app */;
			productType = "com.apple.product-type.application";
		};
/* End PBXNativeTarget section */

/* Begin PBXProject section */
		840860B11C8B6A11000AEC6B /* Project object */ = {
			isa = PBXProject;
			attributes = {
				LastSwiftUpdateCheck = 0720;
				LastUpgradeCheck = 0720;
				ORGANIZATIONNAME = "Sergey Shvedov";
				TargetAttributes = {
					840860B81C8B6A11000AEC6B = {
						CreatedOnToolsVersion = 7.2.1;
					};
				};
			};
			buildConfigurationList = 840860B41C8B6A11000AEC6B /* Build configuration list for PBXProject "CalpeApartmentBrief" */;
			compatibilityVersion = "Xcode 3.2";
			developmentRegion = English;
			hasScannedForEncodings = 0;
			knownRegions = (
				en,
				Base,
			);
			mainGroup = 840860B01C8B6A11000AEC6B;
			productRefGroup = 840860BA1C8B6A11000AEC6B /* Products */;
			projectDirPath = "";
			projectRoot = "";
			targets = (
				840860B81C8B6A11000AEC6B /* CalpeApartmentBrief */,
			);
		};
/* End PBXProject section */

/* Begin PBXResourcesBuildPhase section */
		840860B71C8B6A11000AEC6B /* Resources */ = {
			isa = PBXResourcesBuildPhase;
			buildActionMask = 2147483647;
			files = (
				840860C71C8B6A12000AEC6B /* LaunchScreen.storyboard in Resources */,
				840860C21C8B6A12000AEC6B /* Main.storyboard in Resources */,
				840860DB1C8B6D67000AEC6B /* Assets.xcassets in Resources */,
			);
			runOnlyForDeploymentPostprocessing = 0;
		};
/* End PBXResourcesBuildPhase section */

/* Begin PBXSourcesBuildPhase section */
		840860B51C8B6A11000AEC6B /* Sources */ = {
			isa = PBXSourcesBuildPhase;
			buildActionMask = 2147483647;
			files = (
				840860F11C8BA245000AEC6B /* CABAppRespose.swift in Sources */,
				840860D81C8B6CFE000AEC6B /* AppDelegate.swift in Sources */,
				840860F51C8BA264000AEC6B /* UIColor+Extension.swift in Sources */,
				840860EF1C8BA1F0000AEC6B /* CABMenuTableViewController.swift in Sources */,
				840860DD1C8B704B000AEC6B /* Constant.swift in Sources */,
				840860E91C8B85A1000AEC6B /* CABThemeProtocol.swift in Sources */,
				840860F31C8BA256000AEC6B /* CABThemeOrange.swift in Sources */,
				840860E51C8B79CF000AEC6B /* CABSections.swift in Sources */,
			);
			runOnlyForDeploymentPostprocessing = 0;
		};
/* End PBXSourcesBuildPhase section */

/* Begin PBXVariantGroup section */
		840860C01C8B6A12000AEC6B /* Main.storyboard */ = {
			isa = PBXVariantGroup;
			children = (
				840860C11C8B6A12000AEC6B /* Base */,
			);
			name = Main.storyboard;
			sourceTree = "<group>";
		};
		840860C51C8B6A12000AEC6B /* LaunchScreen.storyboard */ = {
			isa = PBXVariantGroup;
			children = (
				840860C61C8B6A12000AEC6B /* Base */,
			);
			name = LaunchScreen.storyboard;
			sourceTree = "<group>";
		};
/* End PBXVariantGroup section */

/* Begin XCBuildConfiguration section */
		840860C91C8B6A12000AEC6B /* Debug */ = {
			isa = XCBuildConfiguration;
			buildSettings = {
				ALWAYS_SEARCH_USER_PATHS = NO;
				CLANG_CXX_LANGUAGE_STANDARD = "gnu++0x";
				CLANG_CXX_LIBRARY = "libc++";
				CLANG_ENABLE_MODULES = YES;
				CLANG_ENABLE_OBJC_ARC = YES;
				CLANG_WARN_BOOL_CONVERSION = YES;
				CLANG_WARN_CONSTANT_CONVERSION = YES;
				CLANG_WARN_DIRECT_OBJC_ISA_USAGE = YES_ERROR;
				CLANG_WARN_EMPTY_BODY = YES;
				CLANG_WARN_ENUM_CONVERSION = YES;
				CLANG_WARN_INT_CONVERSION = YES;
				CLANG_WARN_OBJC_ROOT_CLASS = YES_ERROR;
				CLANG_WARN_UNREACHABLE_CODE = YES;
				CLANG_WARN__DUPLICATE_METHOD_MATCH = YES;
				"CODE_SIGN_IDENTITY[sdk=iphoneos*]" = "iPhone Developer";
				COPY_PHASE_STRIP = NO;
				DEBUG_INFORMATION_FORMAT = dwarf;
				ENABLE_STRICT_OBJC_MSGSEND = YES;
				ENABLE_TESTABILITY = YES;
				GCC_C_LANGUAGE_STANDARD = gnu99;
				GCC_DYNAMIC_NO_PIC = NO;
				GCC_NO_COMMON_BLOCKS = YES;
				GCC_OPTIMIZATION_LEVEL = 0;
				GCC_PREPROCESSOR_DEFINITIONS = (
					"DEBUG=1",
					"$(inherited)",
				);
				GCC_WARN_64_TO_32_BIT_CONVERSION = YES;
				GCC_WARN_ABOUT_RETURN_TYPE = YES_ERROR;
				GCC_WARN_UNDECLARED_SELECTOR = YES;
				GCC_WARN_UNINITIALIZED_AUTOS = YES_AGGRESSIVE;
				GCC_WARN_UNUSED_FUNCTION = YES;
				GCC_WARN_UNUSED_VARIABLE = YES;
				IPHONEOS_DEPLOYMENT_TARGET = 9.2;
				MTL_ENABLE_DEBUG_INFO = YES;
				ONLY_ACTIVE_ARCH = YES;
				SDKROOT = iphoneos;
				SWIFT_OPTIMIZATION_LEVEL = "-Onone";
				TARGETED_DEVICE_FAMILY = "1,2";
			};
			name = Debug;
		};
		840860CA1C8B6A12000AEC6B /* Release */ = {
			isa = XCBuildConfiguration;
			buildSettings = {
				ALWAYS_SEARCH_USER_PATHS = NO;
				CLANG_CXX_LANGUAGE_STANDARD = "gnu++0x";
				CLANG_CXX_LIBRARY = "libc++";
				CLANG_ENABLE_MODULES = YES;
				CLANG_ENABLE_OBJC_ARC = YES;
				CLANG_WARN_BOOL_CONVERSION = YES;
				CLANG_WARN_CONSTANT_CONVERSION = YES;
				CLANG_WARN_DIRECT_OBJC_ISA_USAGE = YES_ERROR;
				CLANG_WARN_EMPTY_BODY = YES;
				CLANG_WARN_ENUM_CONVERSION = YES;
				CLANG_WARN_INT_CONVERSION = YES;
				CLANG_WARN_OBJC_ROOT_CLASS = YES_ERROR;
				CLANG_WARN_UNREACHABLE_CODE = YES;
				CLANG_WARN__DUPLICATE_METHOD_MATCH = YES;
				"CODE_SIGN_IDENTITY[sdk=iphoneos*]" = "iPhone Developer";
				COPY_PHASE_STRIP = NO;
				DEBUG_INFORMATION_FORMAT = "dwarf-with-dsym";
				ENABLE_NS_ASSERTIONS = NO;
				ENABLE_STRICT_OBJC_MSGSEND = YES;
				GCC_C_LANGUAGE_STANDARD = gnu99;
				GCC_NO_COMMON_BLOCKS = YES;
				GCC_WARN_64_TO_32_BIT_CONVERSION = YES;
				GCC_WARN_ABOUT_RETURN_TYPE = YES_ERROR;
				GCC_WARN_UNDECLARED_SELECTOR = YES;
				GCC_WARN_UNINITIALIZED_AUTOS = YES_AGGRESSIVE;
				GCC_WARN_UNUSED_FUNCTION = YES;
				GCC_WARN_UNUSED_VARIABLE = YES;
				IPHONEOS_DEPLOYMENT_TARGET = 9.2;
				MTL_ENABLE_DEBUG_INFO = NO;
				SDKROOT = iphoneos;
				TARGETED_DEVICE_FAMILY = "1,2";
				VALIDATE_PRODUCT = YES;
			};
			name = Release;
		};
		840860CC1C8B6A12000AEC6B /* Debug */ = {
			isa = XCBuildConfiguration;
			buildSettings = {
				ASSETCATALOG_COMPILER_APPICON_NAME = AppIcon;
				INFOPLIST_FILE = "$(SRCROOT)/CalpeApartmentBrief/Utility/Info.plist";
				LD_RUNPATH_SEARCH_PATHS = "$(inherited) @executable_path/Frameworks";
				PRODUCT_BUNDLE_IDENTIFIER = info.shvedov.CalpeApartmentBrief;
				PRODUCT_NAME = "$(TARGET_NAME)";
			};
			name = Debug;
		};
		840860CD1C8B6A12000AEC6B /* Release */ = {
			isa = XCBuildConfiguration;
			buildSettings = {
				ASSETCATALOG_COMPILER_APPICON_NAME = AppIcon;
				INFOPLIST_FILE = "$(SRCROOT)/CalpeApartmentBrief/Utility/Info.plist";
				LD_RUNPATH_SEARCH_PATHS = "$(inherited) @executable_path/Frameworks";
				PRODUCT_BUNDLE_IDENTIFIER = info.shvedov.CalpeApartmentBrief;
				PRODUCT_NAME = "$(TARGET_NAME)";
			};
			name = Release;
		};
/* End XCBuildConfiguration section */

/* Begin XCConfigurationList section */
		840860B41C8B6A11000AEC6B /* Build configuration list for PBXProject "CalpeApartmentBrief" */ = {
			isa = XCConfigurationList;
			buildConfigurations = (
				840860C91C8B6A12000AEC6B /* Debug */,
				840860CA1C8B6A12000AEC6B /* Release */,
			);
			defaultConfigurationIsVisible = 0;
			defaultConfigurationName = Release;
		};
		840860CB1C8B6A12000AEC6B /* Build configuration list for PBXNativeTarget "CalpeApartmentBrief" */ = {
			isa = XCConfigurationList;
			buildConfigurations = (
				840860CC1C8B6A12000AEC6B /* Debug */,
				840860CD1C8B6A12000AEC6B /* Release */,
			);
			defaultConfigurationIsVisible = 0;
		};
/* End XCConfigurationList section */
	};
	rootObject = 840860B11C8B6A11000AEC6B /* Project object */;
}
