// !$*UTF8*$!
{
	archiveVersion = 1;
	classes = {
	};
	objectVersion = 46;
	objects = {

/* Begin PBXBuildFile section */
		840860C21C8B6A12000AEC6B /* Main.storyboard in Resources */ = {isa = PBXBuildFile; fileRef = 840860C01C8B6A12000AEC6B /* Main.storyboard */; };
		840860C71C8B6A12000AEC6B /* LaunchScreen.storyboard in Resources */ = {isa = PBXBuildFile; fileRef = 840860C51C8B6A12000AEC6B /* LaunchScreen.storyboard */; };
		840860D81C8B6CFE000AEC6B /* AppDelegate.swift in Sources */ = {isa = PBXBuildFile; fileRef = 840860D61C8B6CFE000AEC6B /* AppDelegate.swift */; };
		840860DB1C8B6D67000AEC6B /* Assets.xcassets in Resources */ = {isa = PBXBuildFile; fileRef = 840860DA1C8B6D67000AEC6B /* Assets.xcassets */; };
		840860DD1C8B704B000AEC6B /* Constant.swift in Sources */ = {isa = PBXBuildFile; fileRef = 840860DC1C8B704B000AEC6B /* Constant.swift */; };
		840860E51C8B79CF000AEC6B /* CABSections.swift in Sources */ = {isa = PBXBuildFile; fileRef = 840860E41C8B79CF000AEC6B /* CABSections.swift */; };
		840860E91C8B85A1000AEC6B /* CABThemeProtocol.swift in Sources */ = {isa = PBXBuildFile; fileRef = 840860E81C8B85A1000AEC6B /* CABThemeProtocol.swift */; };
		840860EF1C8BA1F0000AEC6B /* CABMenuTableViewController.swift in Sources */ = {isa = PBXBuildFile; fileRef = 840860EE1C8BA1F0000AEC6B /* CABMenuTableViewController.swift */; };
		840860F11C8BA245000AEC6B /* CABAppRespose.swift in Sources */ = {isa = PBXBuildFile; fileRef = 840860F01C8BA245000AEC6B /* CABAppRespose.swift */; };
		840860F31C8BA256000AEC6B /* CABThemeOrange.swift in Sources */ = {isa = PBXBuildFile; fileRef = 840860F21C8BA256000AEC6B /* CABThemeOrange.swift */; };
		840860F51C8BA264000AEC6B /* UIColor+Extension.swift in Sources */ = {isa = PBXBuildFile; fileRef = 840860F41C8BA264000AEC6B /* UIColor+Extension.swift */; };
		840860F71C8BAC4E000AEC6B /* CABMenuTableViewCell.swift in Sources */ = {isa = PBXBuildFile; fileRef = 840860F61C8BAC4E000AEC6B /* CABMenuTableViewCell.swift */; };
		840860FF1C8BD289000AEC6B /* Photos.xcassets in Resources */ = {isa = PBXBuildFile; fileRef = 840860FE1C8BD289000AEC6B /* Photos.xcassets */; };
		840861011C8BD53C000AEC6B /* UIImage+Extension.swift in Sources */ = {isa = PBXBuildFile; fileRef = 840861001C8BD53C000AEC6B /* UIImage+Extension.swift */; };
		840861031C8C7CA8000AEC6B /* CABWelcomeViewController.swift in Sources */ = {isa = PBXBuildFile; fileRef = 840861021C8C7CA8000AEC6B /* CABWelcomeViewController.swift */; };
		840861051C8C7FB1000AEC6B /* CABBaseSectionViewController.swift in Sources */ = {isa = PBXBuildFile; fileRef = 840861041C8C7FB1000AEC6B /* CABBaseSectionViewController.swift */; };
		840861071C8C8C5D000AEC6B /* CABSplitViewController.swift in Sources */ = {isa = PBXBuildFile; fileRef = 840861061C8C8C5D000AEC6B /* CABSplitViewController.swift */; };
		8408612D1C8CFB3E000AEC6B /* CABBaseBackgroundViewController.swift in Sources */ = {isa = PBXBuildFile; fileRef = 8408612C1C8CFB3E000AEC6B /* CABBaseBackgroundViewController.swift */; };
		8408E2C11CD13E2C00E7AC43 /* CABAttractionMapPoint.swift in Sources */ = {isa = PBXBuildFile; fileRef = 8408E2C01CD13E2C00E7AC43 /* CABAttractionMapPoint.swift */; };
		8408E2C41CD13EAC00E7AC43 /* CABAttractions.plist in Resources */ = {isa = PBXBuildFile; fileRef = 8408E2C21CD13EAC00E7AC43 /* CABAttractions.plist */; };
		8408E2C61CD144ED00E7AC43 /* CABAttractionType.swift in Sources */ = {isa = PBXBuildFile; fileRef = 8408E2C51CD144ED00E7AC43 /* CABAttractionType.swift */; };
		8408E2C81CD147F000E7AC43 /* CABDataProvider+Attraction.swift in Sources */ = {isa = PBXBuildFile; fileRef = 8408E2C71CD147F000E7AC43 /* CABDataProvider+Attraction.swift */; };
		840BA08D1CB2EB58000B5FD0 /* CABAppliancesHeaderTableViewCell.swift in Sources */ = {isa = PBXBuildFile; fileRef = 840BA08C1CB2EB58000B5FD0 /* CABAppliancesHeaderTableViewCell.swift */; };
		8426BC721C9D250E00128B5D /* CABPinnedMapPostView.xib in Resources */ = {isa = PBXBuildFile; fileRef = 8426BC711C9D250E00128B5D /* CABPinnedMapPostView.xib */; };
		8426BC741C9D269100128B5D /* CABPostPinnedMap.swift in Sources */ = {isa = PBXBuildFile; fileRef = 8426BC731C9D269100128B5D /* CABPostPinnedMap.swift */; };
		8426BC761C9D274800128B5D /* CABPinnedMapPostView.swift in Sources */ = {isa = PBXBuildFile; fileRef = 8426BC751C9D274800128B5D /* CABPinnedMapPostView.swift */; };
		8426BC7C1C9D729E00128B5D /* CABMapPoint.swift in Sources */ = {isa = PBXBuildFile; fileRef = 8426BC7B1C9D729E00128B5D /* CABMapPoint.swift */; };
		84288F601CA56C970042C9A6 /* CABButtonPostViewDelegate.swift in Sources */ = {isa = PBXBuildFile; fileRef = 84288F5F1CA56C970042C9A6 /* CABButtonPostViewDelegate.swift */; };
		84288F621CA933050042C9A6 /* CABRoutingViewController.swift in Sources */ = {isa = PBXBuildFile; fileRef = 84288F611CA933050042C9A6 /* CABRoutingViewController.swift */; };
		84288F641CA94E3B0042C9A6 /* Icons.xcassets in Resources */ = {isa = PBXBuildFile; fileRef = 84288F631CA94E3B0042C9A6 /* Icons.xcassets */; };
		84288F661CA9510C0042C9A6 /* CABHomeAnnotationView.swift in Sources */ = {isa = PBXBuildFile; fileRef = 84288F651CA9510C0042C9A6 /* CABHomeAnnotationView.swift */; };
		8437BC661CB7E25F0053BA86 /* CABArrivalSection.plist in Resources */ = {isa = PBXBuildFile; fileRef = 8437BC681CB7E25F0053BA86 /* CABArrivalSection.plist */; };
		8437BC6B1CB7E6C80053BA86 /* Localizable.strings in Resources */ = {isa = PBXBuildFile; fileRef = 8437BC6D1CB7E6C80053BA86 /* Localizable.strings */; };
		8437BC781CB7EB660053BA86 /* BaseSectionBackground.storyboard in Resources */ = {isa = PBXBuildFile; fileRef = 8437BC771CB7EB660053BA86 /* BaseSectionBackground.storyboard */; };
		8437BC7B1CB7FE020053BA86 /* Welcome.storyboard in Resources */ = {isa = PBXBuildFile; fileRef = 8437BC7D1CB7FE020053BA86 /* Welcome.storyboard */; };
		8437BC841CB8443E0053BA86 /* CABDepartureSection.plist in Resources */ = {isa = PBXBuildFile; fileRef = 8437BC861CB8443E0053BA86 /* CABDepartureSection.plist */; };
		8437BC891CB846F90053BA86 /* CABRoureSection.plist in Resources */ = {isa = PBXBuildFile; fileRef = 8437BC8B1CB846F90053BA86 /* CABRoureSection.plist */; };
		8437BC8E1CB847880053BA86 /* CABAppliances.plist in Resources */ = {isa = PBXBuildFile; fileRef = 8437BC901CB847880053BA86 /* CABAppliances.plist */; };
		8437BC931CB84A670053BA86 /* CABCommunityRules.plist in Resources */ = {isa = PBXBuildFile; fileRef = 8437BC951CB84A670053BA86 /* CABCommunityRules.plist */; };
		8437BC9B1CB852610053BA86 /* InfoPlist.strings in Resources */ = {isa = PBXBuildFile; fileRef = 8437BC9D1CB852610053BA86 /* InfoPlist.strings */; };
		844DA9081C94FD320022EC5B /* CABPostStandart.swift in Sources */ = {isa = PBXBuildFile; fileRef = 844DA9071C94FD320022EC5B /* CABPostStandart.swift */; };
		84705AED1C94CA0400EA060A /* CABNumberedItemWithImagePostView.xib in Resources */ = {isa = PBXBuildFile; fileRef = 84705AEC1C94CA0400EA060A /* CABNumberedItemWithImagePostView.xib */; };
		84705AEF1C94DD0E00EA060A /* CABBaseSectionGeneratedViewController.swift in Sources */ = {isa = PBXBuildFile; fileRef = 84705AEE1C94DD0E00EA060A /* CABBaseSectionGeneratedViewController.swift */; };
		847DCB0B1C962CA90085C08F /* NSArray+Extension.swift in Sources */ = {isa = PBXBuildFile; fileRef = 847DCB0A1C962CA90085C08F /* NSArray+Extension.swift */; };
		847DCB0D1C9637290085C08F /* ModelConstant.swift in Sources */ = {isa = PBXBuildFile; fileRef = 847DCB0C1C9637290085C08F /* ModelConstant.swift */; };
		847DCB0F1C965FFB0085C08F /* CABTitledButtonPostView.swift in Sources */ = {isa = PBXBuildFile; fileRef = 847DCB0E1C965FFB0085C08F /* CABTitledButtonPostView.swift */; };
		847DCB111C9660100085C08F /* CABTitledParagraphPostView.swift in Sources */ = {isa = PBXBuildFile; fileRef = 847DCB101C9660100085C08F /* CABTitledParagraphPostView.swift */; };
		847DCB131C9660260085C08F /* CABCommentedButtonPostView.swift in Sources */ = {isa = PBXBuildFile; fileRef = 847DCB121C9660260085C08F /* CABCommentedButtonPostView.swift */; };
		847DCB151C9660440085C08F /* CABNumberedItemPostView.swift in Sources */ = {isa = PBXBuildFile; fileRef = 847DCB141C9660440085C08F /* CABNumberedItemPostView.swift */; };
		847DCB171C96608B0085C08F /* CABPostNumberedItemWithImage.swift in Sources */ = {isa = PBXBuildFile; fileRef = 847DCB161C96608B0085C08F /* CABPostNumberedItemWithImage.swift */; };
		8484F6171C8E422600F84218 /* CABPostType.swift in Sources */ = {isa = PBXBuildFile; fileRef = 8484F6161C8E422600F84218 /* CABPostType.swift */; };
		8484F6191C8E486200F84218 /* CABPostProtocol.swift in Sources */ = {isa = PBXBuildFile; fileRef = 8484F6181C8E486200F84218 /* CABPostProtocol.swift */; };
		8484F61B1C8E4B8A00F84218 /* CABInspectableLabel.swift in Sources */ = {isa = PBXBuildFile; fileRef = 8484F61A1C8E4B8A00F84218 /* CABInspectableLabel.swift */; };
		8484F61D1C8E629000F84218 /* CABStandartPostView.xib in Resources */ = {isa = PBXBuildFile; fileRef = 8484F61C1C8E629000F84218 /* CABStandartPostView.xib */; };
		8484F61F1C8E648700F84218 /* CABStandartPostView.swift in Sources */ = {isa = PBXBuildFile; fileRef = 8484F61E1C8E648700F84218 /* CABStandartPostView.swift */; };
		8484F6211C8E7A5F00F84218 /* CABSuperPostView.swift in Sources */ = {isa = PBXBuildFile; fileRef = 8484F6201C8E7A5F00F84218 /* CABSuperPostView.swift */; };
		8484F6231C8F1C7D00F84218 /* CABTitledImagePostView.xib in Resources */ = {isa = PBXBuildFile; fileRef = 8484F6221C8F1C7D00F84218 /* CABTitledImagePostView.xib */; };
		8484F6251C8F59EE00F84218 /* CABTitledImagePostView.swift in Sources */ = {isa = PBXBuildFile; fileRef = 8484F6241C8F59EE00F84218 /* CABTitledImagePostView.swift */; };
		848970A11CAA91C800065F2D /* CABRuleSectionViewController.swift in Sources */ = {isa = PBXBuildFile; fileRef = 848970A01CAA91C800065F2D /* CABRuleSectionViewController.swift */; };
		84A6840E1C9503F2001B4B8E /* CABPostTitledImage.swift in Sources */ = {isa = PBXBuildFile; fileRef = 84A6840D1C9503F2001B4B8E /* CABPostTitledImage.swift */; };
		84A684101C950414001B4B8E /* CABPostTitledButton.swift in Sources */ = {isa = PBXBuildFile; fileRef = 84A6840F1C950414001B4B8E /* CABPostTitledButton.swift */; };
		84A684121C950433001B4B8E /* CABPostTitledParagraph.swift in Sources */ = {isa = PBXBuildFile; fileRef = 84A684111C950433001B4B8E /* CABPostTitledParagraph.swift */; };
		84A684141C950459001B4B8E /* CABPostCommentedButton.swift in Sources */ = {isa = PBXBuildFile; fileRef = 84A684131C950459001B4B8E /* CABPostCommentedButton.swift */; };
		84A684161C950472001B4B8E /* CABPostNumberedItem.swift in Sources */ = {isa = PBXBuildFile; fileRef = 84A684151C950472001B4B8E /* CABPostNumberedItem.swift */; };
		84A6841A1C950DE3001B4B8E /* CABDataProvider.swift in Sources */ = {isa = PBXBuildFile; fileRef = 84A684191C950DE3001B4B8E /* CABDataProvider.swift */; };
		84B1E7641C9A6BB4002FD998 /* CABTitledButtonPostView.xib in Resources */ = {isa = PBXBuildFile; fileRef = 84B1E7631C9A6BB4002FD998 /* CABTitledButtonPostView.xib */; };
		84B4AE661CCBF7E60094ED65 /* CABCollapsedViewController.swift in Sources */ = {isa = PBXBuildFile; fileRef = 84B4AE651CCBF7E60094ED65 /* CABCollapsedViewController.swift */; };
		84B4AE681CCBF8E00094ED65 /* CABInfoMapViewController.swift in Sources */ = {isa = PBXBuildFile; fileRef = 84B4AE671CCBF8E00094ED65 /* CABInfoMapViewController.swift */; };
		84B812511CB0440B0066CC7E /* CABAppliancesArticleTableViewCell.swift in Sources */ = {isa = PBXBuildFile; fileRef = 84B812501CB0440B0066CC7E /* CABAppliancesArticleTableViewCell.swift */; };
		84DCB0BD1CCA93E100F08071 /* CABPOISectionViewController.swift in Sources */ = {isa = PBXBuildFile; fileRef = 84DCB0BC1CCA93E100F08071 /* CABPOISectionViewController.swift */; };
		84E76C351CAFE09B005A197C /* CABRuleArticleTableViewCell.swift in Sources */ = {isa = PBXBuildFile; fileRef = 84E76C341CAFE09B005A197C /* CABRuleArticleTableViewCell.swift */; };
		84E76C391CB0290E005A197C /* CABTableArticleWithImage.swift in Sources */ = {isa = PBXBuildFile; fileRef = 84E76C381CB0290E005A197C /* CABTableArticleWithImage.swift */; };
		84E76C3B1CB0296E005A197C /* CABTablePartition.swift in Sources */ = {isa = PBXBuildFile; fileRef = 84E76C3A1CB0296E005A197C /* CABTablePartition.swift */; };
		84E76C3D1CB03561005A197C /* CABAppliancesSectionViewController.swift in Sources */ = {isa = PBXBuildFile; fileRef = 84E76C3C1CB03561005A197C /* CABAppliancesSectionViewController.swift */; };
		84EB59731C9379B800B778E2 /* CABTitledParagraphPostView.xib in Resources */ = {isa = PBXBuildFile; fileRef = 84EB59721C9379B800B778E2 /* CABTitledParagraphPostView.xib */; };
		84EB59751C938FA900B778E2 /* CABNumberedItemPostView.xib in Resources */ = {isa = PBXBuildFile; fileRef = 84EB59741C938FA900B778E2 /* CABNumberedItemPostView.xib */; };
		84EB59781C93946D00B778E2 /* CABRoundView.swift in Sources */ = {isa = PBXBuildFile; fileRef = 84EB59771C93946D00B778E2 /* CABRoundView.swift */; };
		84EB597C1C94AAF500B778E2 /* CABNumberedItemWithImagePostView.swift in Sources */ = {isa = PBXBuildFile; fileRef = 84EB597B1C94AAF500B778E2 /* CABNumberedItemWithImagePostView.swift */; };
		84EED0C61C912E580027A153 /* CABCommentedButtonPostView.xib in Resources */ = {isa = PBXBuildFile; fileRef = 84EED0C51C912E580027A153 /* CABCommentedButtonPostView.xib */; };
		84EED0CA1C91323F0027A153 /* CABInspectableTextView.swift in Sources */ = {isa = PBXBuildFile; fileRef = 84EED0C91C91323F0027A153 /* CABInspectableTextView.swift */; };
/* End PBXBuildFile section */

/* Begin PBXFileReference section */
		840860B91C8B6A11000AEC6B /* Calpe Apt..app */ = {isa = PBXFileReference; explicitFileType = wrapper.application; includeInIndex = 0; path = "Calpe Apt..app"; sourceTree = BUILT_PRODUCTS_DIR; };
		840860C11C8B6A12000AEC6B /* Base */ = {isa = PBXFileReference; lastKnownFileType = file.storyboard; name = Base; path = Base.lproj/Main.storyboard; sourceTree = "<group>"; };
		840860C61C8B6A12000AEC6B /* Base */ = {isa = PBXFileReference; lastKnownFileType = file.storyboard; name = Base; path = Base.lproj/LaunchScreen.storyboard; sourceTree = "<group>"; };
		840860D61C8B6CFE000AEC6B /* AppDelegate.swift */ = {isa = PBXFileReference; fileEncoding = 4; lastKnownFileType = sourcecode.swift; name = AppDelegate.swift; path = CalpeApartmentBrief/Utility/AppDelegate.swift; sourceTree = "<group>"; };
		840860D71C8B6CFE000AEC6B /* Info.plist */ = {isa = PBXFileReference; fileEncoding = 4; lastKnownFileType = text.plist.xml; name = Info.plist; path = CalpeApartmentBrief/Utility/Info.plist; sourceTree = "<group>"; };
		840860DA1C8B6D67000AEC6B /* Assets.xcassets */ = {isa = PBXFileReference; lastKnownFileType = folder.assetcatalog; name = Assets.xcassets; path = Resources/Assets.xcassets; sourceTree = "<group>"; };
		840860DC1C8B704B000AEC6B /* Constant.swift */ = {isa = PBXFileReference; fileEncoding = 4; lastKnownFileType = sourcecode.swift; name = Constant.swift; path = CalpeApartmentBrief/Utility/Constant.swift; sourceTree = "<group>"; };
		840860E41C8B79CF000AEC6B /* CABSections.swift */ = {isa = PBXFileReference; fileEncoding = 4; lastKnownFileType = sourcecode.swift; name = CABSections.swift; path = CalpeApartmentBrief/Model/CABSections.swift; sourceTree = "<group>"; };
		840860E81C8B85A1000AEC6B /* CABThemeProtocol.swift */ = {isa = PBXFileReference; fileEncoding = 4; lastKnownFileType = sourcecode.swift; name = CABThemeProtocol.swift; path = CalpeApartmentBrief/Utility/CABThemeProtocol.swift; sourceTree = "<group>"; };
		840860EE1C8BA1F0000AEC6B /* CABMenuTableViewController.swift */ = {isa = PBXFileReference; fileEncoding = 4; lastKnownFileType = sourcecode.swift; name = CABMenuTableViewController.swift; path = CalpeApartmentBrief/Controller/CABMenuTableViewController.swift; sourceTree = "<group>"; };
		840860F01C8BA245000AEC6B /* CABAppRespose.swift */ = {isa = PBXFileReference; fileEncoding = 4; lastKnownFileType = sourcecode.swift; name = CABAppRespose.swift; path = CalpeApartmentBrief/Utility/CABAppRespose.swift; sourceTree = "<group>"; };
		840860F21C8BA256000AEC6B /* CABThemeOrange.swift */ = {isa = PBXFileReference; fileEncoding = 4; lastKnownFileType = sourcecode.swift; name = CABThemeOrange.swift; path = CalpeApartmentBrief/Utility/CABThemeOrange.swift; sourceTree = "<group>"; };
		840860F41C8BA264000AEC6B /* UIColor+Extension.swift */ = {isa = PBXFileReference; fileEncoding = 4; lastKnownFileType = sourcecode.swift; name = "UIColor+Extension.swift"; path = "CalpeApartmentBrief/Utility/UIColor+Extension.swift"; sourceTree = "<group>"; };
		840860F61C8BAC4E000AEC6B /* CABMenuTableViewCell.swift */ = {isa = PBXFileReference; fileEncoding = 4; lastKnownFileType = sourcecode.swift; name = CABMenuTableViewCell.swift; path = CalpeApartmentBrief/View/CABMenuTableViewCell.swift; sourceTree = "<group>"; };
		840860FE1C8BD289000AEC6B /* Photos.xcassets */ = {isa = PBXFileReference; lastKnownFileType = folder.assetcatalog; name = Photos.xcassets; path = Resources/Photos.xcassets; sourceTree = "<group>"; };
		840861001C8BD53C000AEC6B /* UIImage+Extension.swift */ = {isa = PBXFileReference; fileEncoding = 4; lastKnownFileType = sourcecode.swift; name = "UIImage+Extension.swift"; path = "CalpeApartmentBrief/Utility/UIImage+Extension.swift"; sourceTree = "<group>"; };
		840861021C8C7CA8000AEC6B /* CABWelcomeViewController.swift */ = {isa = PBXFileReference; fileEncoding = 4; lastKnownFileType = sourcecode.swift; name = CABWelcomeViewController.swift; path = CalpeApartmentBrief/Controller/CABWelcomeViewController.swift; sourceTree = "<group>"; };
		840861041C8C7FB1000AEC6B /* CABBaseSectionViewController.swift */ = {isa = PBXFileReference; fileEncoding = 4; lastKnownFileType = sourcecode.swift; name = CABBaseSectionViewController.swift; path = CalpeApartmentBrief/Controller/CABBaseSectionViewController.swift; sourceTree = "<group>"; };
		840861061C8C8C5D000AEC6B /* CABSplitViewController.swift */ = {isa = PBXFileReference; fileEncoding = 4; lastKnownFileType = sourcecode.swift; name = CABSplitViewController.swift; path = CalpeApartmentBrief/Controller/CABSplitViewController.swift; sourceTree = "<group>"; };
		8408612C1C8CFB3E000AEC6B /* CABBaseBackgroundViewController.swift */ = {isa = PBXFileReference; fileEncoding = 4; lastKnownFileType = sourcecode.swift; name = CABBaseBackgroundViewController.swift; path = CalpeApartmentBrief/Controller/CABBaseBackgroundViewController.swift; sourceTree = "<group>"; };
		8408E2C01CD13E2C00E7AC43 /* CABAttractionMapPoint.swift */ = {isa = PBXFileReference; fileEncoding = 4; lastKnownFileType = sourcecode.swift; name = CABAttractionMapPoint.swift; path = CalpeApartmentBrief/Model/CABAttractionMapPoint.swift; sourceTree = "<group>"; };
		8408E2C31CD13EAC00E7AC43 /* Base */ = {isa = PBXFileReference; lastKnownFileType = text.plist.xml; name = Base; path = CalpeApartmentBrief/Model/Base.lproj/CABAttractions.plist; sourceTree = "<group>"; };
		8408E2C51CD144ED00E7AC43 /* CABAttractionType.swift */ = {isa = PBXFileReference; fileEncoding = 4; lastKnownFileType = sourcecode.swift; name = CABAttractionType.swift; path = CalpeApartmentBrief/Model/CABAttractionType.swift; sourceTree = "<group>"; };
		8408E2C71CD147F000E7AC43 /* CABDataProvider+Attraction.swift */ = {isa = PBXFileReference; fileEncoding = 4; lastKnownFileType = sourcecode.swift; name = "CABDataProvider+Attraction.swift"; path = "CalpeApartmentBrief/Model/CABDataProvider+Attraction.swift"; sourceTree = "<group>"; };
		840BA08C1CB2EB58000B5FD0 /* CABAppliancesHeaderTableViewCell.swift */ = {isa = PBXFileReference; fileEncoding = 4; lastKnownFileType = sourcecode.swift; name = CABAppliancesHeaderTableViewCell.swift; path = CalpeApartmentBrief/View/CABAppliancesHeaderTableViewCell.swift; sourceTree = "<group>"; };
		8426BC711C9D250E00128B5D /* CABPinnedMapPostView.xib */ = {isa = PBXFileReference; fileEncoding = 4; lastKnownFileType = file.xib; name = CABPinnedMapPostView.xib; path = CalpeApartmentBrief/View/CABPinnedMapPostView.xib; sourceTree = "<group>"; };
		8426BC731C9D269100128B5D /* CABPostPinnedMap.swift */ = {isa = PBXFileReference; fileEncoding = 4; lastKnownFileType = sourcecode.swift; name = CABPostPinnedMap.swift; path = CalpeApartmentBrief/Model/CABPostPinnedMap.swift; sourceTree = "<group>"; };
		8426BC751C9D274800128B5D /* CABPinnedMapPostView.swift */ = {isa = PBXFileReference; fileEncoding = 4; lastKnownFileType = sourcecode.swift; name = CABPinnedMapPostView.swift; path = CalpeApartmentBrief/View/CABPinnedMapPostView.swift; sourceTree = "<group>"; };
		8426BC7B1C9D729E00128B5D /* CABMapPoint.swift */ = {isa = PBXFileReference; fileEncoding = 4; lastKnownFileType = sourcecode.swift; name = CABMapPoint.swift; path = CalpeApartmentBrief/Model/CABMapPoint.swift; sourceTree = "<group>"; };
		84288F5F1CA56C970042C9A6 /* CABButtonPostViewDelegate.swift */ = {isa = PBXFileReference; fileEncoding = 4; lastKnownFileType = sourcecode.swift; name = CABButtonPostViewDelegate.swift; path = CalpeApartmentBrief/View/CABButtonPostViewDelegate.swift; sourceTree = "<group>"; };
		84288F611CA933050042C9A6 /* CABRoutingViewController.swift */ = {isa = PBXFileReference; fileEncoding = 4; lastKnownFileType = sourcecode.swift; name = CABRoutingViewController.swift; path = CalpeApartmentBrief/Controller/CABRoutingViewController.swift; sourceTree = "<group>"; };
		84288F631CA94E3B0042C9A6 /* Icons.xcassets */ = {isa = PBXFileReference; lastKnownFileType = folder.assetcatalog; name = Icons.xcassets; path = Resources/Icons.xcassets; sourceTree = "<group>"; };
		84288F651CA9510C0042C9A6 /* CABHomeAnnotationView.swift */ = {isa = PBXFileReference; fileEncoding = 4; lastKnownFileType = sourcecode.swift; name = CABHomeAnnotationView.swift; path = CalpeApartmentBrief/View/CABHomeAnnotationView.swift; sourceTree = "<group>"; };
		8437BC5E1CB7DB670053BA86 /* ru */ = {isa = PBXFileReference; lastKnownFileType = text.plist.strings; name = ru; path = ru.lproj/Main.strings; sourceTree = "<group>"; };
		8437BC5F1CB7DB8B0053BA86 /* de */ = {isa = PBXFileReference; lastKnownFileType = text.plist.strings; name = de; path = de.lproj/Main.strings; sourceTree = "<group>"; };
		8437BC671CB7E25F0053BA86 /* Base */ = {isa = PBXFileReference; lastKnownFileType = text.plist.xml; name = Base; path = Base.lproj/CABArrivalSection.plist; sourceTree = "<group>"; };
		8437BC691CB7E2650053BA86 /* ru */ = {isa = PBXFileReference; lastKnownFileType = text.plist.xml; name = ru; path = ru.lproj/CABArrivalSection.plist; sourceTree = "<group>"; };
		8437BC6A1CB7E2660053BA86 /* de */ = {isa = PBXFileReference; lastKnownFileType = text.plist.xml; name = de; path = de.lproj/CABArrivalSection.plist; sourceTree = "<group>"; };
		8437BC6C1CB7E6C80053BA86 /* Base */ = {isa = PBXFileReference; lastKnownFileType = text.plist.strings; name = Base; path = Base.lproj/Localizable.strings; sourceTree = "<group>"; };
		8437BC6E1CB7E6CD0053BA86 /* ru */ = {isa = PBXFileReference; lastKnownFileType = text.plist.strings; name = ru; path = ru.lproj/Localizable.strings; sourceTree = "<group>"; };
		8437BC6F1CB7E6CE0053BA86 /* de */ = {isa = PBXFileReference; lastKnownFileType = text.plist.strings; name = de; path = de.lproj/Localizable.strings; sourceTree = "<group>"; };
		8437BC771CB7EB660053BA86 /* BaseSectionBackground.storyboard */ = {isa = PBXFileReference; fileEncoding = 4; lastKnownFileType = file.storyboard; name = BaseSectionBackground.storyboard; path = CalpeApartmentBrief/View/BaseSectionBackground.storyboard; sourceTree = "<group>"; };
		8437BC7C1CB7FE020053BA86 /* Base */ = {isa = PBXFileReference; lastKnownFileType = file.storyboard; name = Base; path = Base.lproj/Welcome.storyboard; sourceTree = "<group>"; };
		8437BC821CB7FE0F0053BA86 /* ru */ = {isa = PBXFileReference; lastKnownFileType = file.storyboard; name = ru; path = ru.lproj/Welcome.storyboard; sourceTree = "<group>"; };
		8437BC831CB7FE140053BA86 /* de */ = {isa = PBXFileReference; lastKnownFileType = file.storyboard; name = de; path = de.lproj/Welcome.storyboard; sourceTree = "<group>"; };
		8437BC851CB8443E0053BA86 /* Base */ = {isa = PBXFileReference; lastKnownFileType = text.plist.xml; name = Base; path = Base.lproj/CABDepartureSection.plist; sourceTree = "<group>"; };
		8437BC871CB844410053BA86 /* ru */ = {isa = PBXFileReference; lastKnownFileType = text.plist.xml; name = ru; path = ru.lproj/CABDepartureSection.plist; sourceTree = "<group>"; };
		8437BC881CB844420053BA86 /* de */ = {isa = PBXFileReference; lastKnownFileType = text.plist.xml; name = de; path = de.lproj/CABDepartureSection.plist; sourceTree = "<group>"; };
		8437BC8A1CB846F90053BA86 /* Base */ = {isa = PBXFileReference; lastKnownFileType = text.plist.xml; name = Base; path = Base.lproj/CABRoureSection.plist; sourceTree = "<group>"; };
		8437BC8C1CB846FB0053BA86 /* ru */ = {isa = PBXFileReference; lastKnownFileType = text.plist.xml; name = ru; path = ru.lproj/CABRoureSection.plist; sourceTree = "<group>"; };
		8437BC8D1CB846FC0053BA86 /* de */ = {isa = PBXFileReference; lastKnownFileType = text.plist.xml; name = de; path = de.lproj/CABRoureSection.plist; sourceTree = "<group>"; };
		8437BC8F1CB847880053BA86 /* Base */ = {isa = PBXFileReference; lastKnownFileType = text.plist.xml; name = Base; path = Base.lproj/CABAppliances.plist; sourceTree = "<group>"; };
		8437BC911CB847890053BA86 /* ru */ = {isa = PBXFileReference; lastKnownFileType = text.plist.xml; name = ru; path = ru.lproj/CABAppliances.plist; sourceTree = "<group>"; };
		8437BC921CB8478A0053BA86 /* de */ = {isa = PBXFileReference; lastKnownFileType = text.plist.xml; name = de; path = de.lproj/CABAppliances.plist; sourceTree = "<group>"; };
		8437BC941CB84A670053BA86 /* Base */ = {isa = PBXFileReference; lastKnownFileType = text.plist.xml; name = Base; path = Base.lproj/CABCommunityRules.plist; sourceTree = "<group>"; };
		8437BC961CB84A690053BA86 /* ru */ = {isa = PBXFileReference; lastKnownFileType = text.plist.xml; name = ru; path = ru.lproj/CABCommunityRules.plist; sourceTree = "<group>"; };
		8437BC971CB84A6A0053BA86 /* de */ = {isa = PBXFileReference; lastKnownFileType = text.plist.xml; name = de; path = de.lproj/CABCommunityRules.plist; sourceTree = "<group>"; };
		8437BC981CB852600053BA86 /* ru */ = {isa = PBXFileReference; lastKnownFileType = text.plist.strings; name = ru; path = ru.lproj/LaunchScreen.strings; sourceTree = "<group>"; };
		8437BC9C1CB852610053BA86 /* ru */ = {isa = PBXFileReference; lastKnownFileType = text.plist.strings; name = ru; path = ru.lproj/InfoPlist.strings; sourceTree = "<group>"; };
		8437BC9E1CB852780053BA86 /* de */ = {isa = PBXFileReference; lastKnownFileType = text.plist.strings; name = de; path = de.lproj/LaunchScreen.strings; sourceTree = "<group>"; };
		8437BC9F1CB852780053BA86 /* de */ = {isa = PBXFileReference; lastKnownFileType = text.plist.strings; name = de; path = de.lproj/InfoPlist.strings; sourceTree = "<group>"; };
		844DA9071C94FD320022EC5B /* CABPostStandart.swift */ = {isa = PBXFileReference; fileEncoding = 4; lastKnownFileType = sourcecode.swift; name = CABPostStandart.swift; path = CalpeApartmentBrief/Model/CABPostStandart.swift; sourceTree = "<group>"; };
		84705AEC1C94CA0400EA060A /* CABNumberedItemWithImagePostView.xib */ = {isa = PBXFileReference; fileEncoding = 4; lastKnownFileType = file.xib; name = CABNumberedItemWithImagePostView.xib; path = CalpeApartmentBrief/View/CABNumberedItemWithImagePostView.xib; sourceTree = "<group>"; };
		84705AEE1C94DD0E00EA060A /* CABBaseSectionGeneratedViewController.swift */ = {isa = PBXFileReference; fileEncoding = 4; lastKnownFileType = sourcecode.swift; name = CABBaseSectionGeneratedViewController.swift; path = CalpeApartmentBrief/Controller/CABBaseSectionGeneratedViewController.swift; sourceTree = "<group>"; };
		847DCB0A1C962CA90085C08F /* NSArray+Extension.swift */ = {isa = PBXFileReference; fileEncoding = 4; lastKnownFileType = sourcecode.swift; name = "NSArray+Extension.swift"; path = "CalpeApartmentBrief/Utility/NSArray+Extension.swift"; sourceTree = "<group>"; };
		847DCB0C1C9637290085C08F /* ModelConstant.swift */ = {isa = PBXFileReference; fileEncoding = 4; lastKnownFileType = sourcecode.swift; name = ModelConstant.swift; path = CalpeApartmentBrief/Utility/ModelConstant.swift; sourceTree = "<group>"; };
		847DCB0E1C965FFB0085C08F /* CABTitledButtonPostView.swift */ = {isa = PBXFileReference; fileEncoding = 4; lastKnownFileType = sourcecode.swift; name = CABTitledButtonPostView.swift; path = CalpeApartmentBrief/View/CABTitledButtonPostView.swift; sourceTree = "<group>"; };
		847DCB101C9660100085C08F /* CABTitledParagraphPostView.swift */ = {isa = PBXFileReference; fileEncoding = 4; lastKnownFileType = sourcecode.swift; name = CABTitledParagraphPostView.swift; path = CalpeApartmentBrief/View/CABTitledParagraphPostView.swift; sourceTree = "<group>"; };
		847DCB121C9660260085C08F /* CABCommentedButtonPostView.swift */ = {isa = PBXFileReference; fileEncoding = 4; lastKnownFileType = sourcecode.swift; name = CABCommentedButtonPostView.swift; path = CalpeApartmentBrief/View/CABCommentedButtonPostView.swift; sourceTree = "<group>"; };
		847DCB141C9660440085C08F /* CABNumberedItemPostView.swift */ = {isa = PBXFileReference; fileEncoding = 4; lastKnownFileType = sourcecode.swift; name = CABNumberedItemPostView.swift; path = CalpeApartmentBrief/View/CABNumberedItemPostView.swift; sourceTree = "<group>"; };
		847DCB161C96608B0085C08F /* CABPostNumberedItemWithImage.swift */ = {isa = PBXFileReference; fileEncoding = 4; lastKnownFileType = sourcecode.swift; name = CABPostNumberedItemWithImage.swift; path = CalpeApartmentBrief/Model/CABPostNumberedItemWithImage.swift; sourceTree = "<group>"; };
		8484F6161C8E422600F84218 /* CABPostType.swift */ = {isa = PBXFileReference; fileEncoding = 4; lastKnownFileType = sourcecode.swift; name = CABPostType.swift; path = CalpeApartmentBrief/Model/CABPostType.swift; sourceTree = "<group>"; };
		8484F6181C8E486200F84218 /* CABPostProtocol.swift */ = {isa = PBXFileReference; fileEncoding = 4; lastKnownFileType = sourcecode.swift; name = CABPostProtocol.swift; path = CalpeApartmentBrief/Model/CABPostProtocol.swift; sourceTree = "<group>"; };
		8484F61A1C8E4B8A00F84218 /* CABInspectableLabel.swift */ = {isa = PBXFileReference; fileEncoding = 4; lastKnownFileType = sourcecode.swift; name = CABInspectableLabel.swift; path = CalpeApartmentBrief/View/CABInspectableLabel.swift; sourceTree = "<group>"; };
		8484F61C1C8E629000F84218 /* CABStandartPostView.xib */ = {isa = PBXFileReference; fileEncoding = 4; lastKnownFileType = file.xib; name = CABStandartPostView.xib; path = CalpeApartmentBrief/View/CABStandartPostView.xib; sourceTree = "<group>"; };
		8484F61E1C8E648700F84218 /* CABStandartPostView.swift */ = {isa = PBXFileReference; fileEncoding = 4; lastKnownFileType = sourcecode.swift; name = CABStandartPostView.swift; path = CalpeApartmentBrief/View/CABStandartPostView.swift; sourceTree = "<group>"; };
		8484F6201C8E7A5F00F84218 /* CABSuperPostView.swift */ = {isa = PBXFileReference; fileEncoding = 4; lastKnownFileType = sourcecode.swift; name = CABSuperPostView.swift; path = CalpeApartmentBrief/View/CABSuperPostView.swift; sourceTree = "<group>"; };
		8484F6221C8F1C7D00F84218 /* CABTitledImagePostView.xib */ = {isa = PBXFileReference; fileEncoding = 4; lastKnownFileType = file.xib; name = CABTitledImagePostView.xib; path = CalpeApartmentBrief/View/CABTitledImagePostView.xib; sourceTree = "<group>"; };
		8484F6241C8F59EE00F84218 /* CABTitledImagePostView.swift */ = {isa = PBXFileReference; fileEncoding = 4; lastKnownFileType = sourcecode.swift; name = CABTitledImagePostView.swift; path = CalpeApartmentBrief/View/CABTitledImagePostView.swift; sourceTree = "<group>"; };
		848970A01CAA91C800065F2D /* CABRuleSectionViewController.swift */ = {isa = PBXFileReference; fileEncoding = 4; lastKnownFileType = sourcecode.swift; name = CABRuleSectionViewController.swift; path = CalpeApartmentBrief/Controller/CABRuleSectionViewController.swift; sourceTree = "<group>"; };
		84A6840D1C9503F2001B4B8E /* CABPostTitledImage.swift */ = {isa = PBXFileReference; fileEncoding = 4; lastKnownFileType = sourcecode.swift; name = CABPostTitledImage.swift; path = CalpeApartmentBrief/Model/CABPostTitledImage.swift; sourceTree = "<group>"; };
		84A6840F1C950414001B4B8E /* CABPostTitledButton.swift */ = {isa = PBXFileReference; fileEncoding = 4; lastKnownFileType = sourcecode.swift; name = CABPostTitledButton.swift; path = CalpeApartmentBrief/Model/CABPostTitledButton.swift; sourceTree = "<group>"; };
		84A684111C950433001B4B8E /* CABPostTitledParagraph.swift */ = {isa = PBXFileReference; fileEncoding = 4; lastKnownFileType = sourcecode.swift; name = CABPostTitledParagraph.swift; path = CalpeApartmentBrief/Model/CABPostTitledParagraph.swift; sourceTree = "<group>"; };
		84A684131C950459001B4B8E /* CABPostCommentedButton.swift */ = {isa = PBXFileReference; fileEncoding = 4; lastKnownFileType = sourcecode.swift; name = CABPostCommentedButton.swift; path = CalpeApartmentBrief/Model/CABPostCommentedButton.swift; sourceTree = "<group>"; };
		84A684151C950472001B4B8E /* CABPostNumberedItem.swift */ = {isa = PBXFileReference; fileEncoding = 4; lastKnownFileType = sourcecode.swift; name = CABPostNumberedItem.swift; path = CalpeApartmentBrief/Model/CABPostNumberedItem.swift; sourceTree = "<group>"; };
		84A684191C950DE3001B4B8E /* CABDataProvider.swift */ = {isa = PBXFileReference; fileEncoding = 4; lastKnownFileType = sourcecode.swift; name = CABDataProvider.swift; path = CalpeApartmentBrief/Model/CABDataProvider.swift; sourceTree = "<group>"; };
		84B1E7631C9A6BB4002FD998 /* CABTitledButtonPostView.xib */ = {isa = PBXFileReference; fileEncoding = 4; lastKnownFileType = file.xib; name = CABTitledButtonPostView.xib; path = CalpeApartmentBrief/View/CABTitledButtonPostView.xib; sourceTree = "<group>"; };
		84B4AE651CCBF7E60094ED65 /* CABCollapsedViewController.swift */ = {isa = PBXFileReference; fileEncoding = 4; lastKnownFileType = sourcecode.swift; name = CABCollapsedViewController.swift; path = CalpeApartmentBrief/Controller/CABCollapsedViewController.swift; sourceTree = "<group>"; };
		84B4AE671CCBF8E00094ED65 /* CABInfoMapViewController.swift */ = {isa = PBXFileReference; fileEncoding = 4; lastKnownFileType = sourcecode.swift; name = CABInfoMapViewController.swift; path = CalpeApartmentBrief/Controller/CABInfoMapViewController.swift; sourceTree = "<group>"; };
		84B812501CB0440B0066CC7E /* CABAppliancesArticleTableViewCell.swift */ = {isa = PBXFileReference; fileEncoding = 4; lastKnownFileType = sourcecode.swift; name = CABAppliancesArticleTableViewCell.swift; path = CalpeApartmentBrief/View/CABAppliancesArticleTableViewCell.swift; sourceTree = "<group>"; };
		84DCB0BC1CCA93E100F08071 /* CABPOISectionViewController.swift */ = {isa = PBXFileReference; fileEncoding = 4; lastKnownFileType = sourcecode.swift; name = CABPOISectionViewController.swift; path = CalpeApartmentBrief/Controller/CABPOISectionViewController.swift; sourceTree = "<group>"; };
		84E76C341CAFE09B005A197C /* CABRuleArticleTableViewCell.swift */ = {isa = PBXFileReference; fileEncoding = 4; lastKnownFileType = sourcecode.swift; name = CABRuleArticleTableViewCell.swift; path = CalpeApartmentBrief/View/CABRuleArticleTableViewCell.swift; sourceTree = "<group>"; };
		84E76C381CB0290E005A197C /* CABTableArticleWithImage.swift */ = {isa = PBXFileReference; fileEncoding = 4; lastKnownFileType = sourcecode.swift; name = CABTableArticleWithImage.swift; path = CalpeApartmentBrief/Model/CABTableArticleWithImage.swift; sourceTree = "<group>"; };
		84E76C3A1CB0296E005A197C /* CABTablePartition.swift */ = {isa = PBXFileReference; fileEncoding = 4; lastKnownFileType = sourcecode.swift; name = CABTablePartition.swift; path = CalpeApartmentBrief/Model/CABTablePartition.swift; sourceTree = "<group>"; };
		84E76C3C1CB03561005A197C /* CABAppliancesSectionViewController.swift */ = {isa = PBXFileReference; fileEncoding = 4; lastKnownFileType = sourcecode.swift; name = CABAppliancesSectionViewController.swift; path = CalpeApartmentBrief/Controller/CABAppliancesSectionViewController.swift; sourceTree = "<group>"; };
		84EB59721C9379B800B778E2 /* CABTitledParagraphPostView.xib */ = {isa = PBXFileReference; fileEncoding = 4; lastKnownFileType = file.xib; name = CABTitledParagraphPostView.xib; path = CalpeApartmentBrief/View/CABTitledParagraphPostView.xib; sourceTree = "<group>"; };
		84EB59741C938FA900B778E2 /* CABNumberedItemPostView.xib */ = {isa = PBXFileReference; fileEncoding = 4; lastKnownFileType = file.xib; name = CABNumberedItemPostView.xib; path = CalpeApartmentBrief/View/CABNumberedItemPostView.xib; sourceTree = "<group>"; };
		84EB59771C93946D00B778E2 /* CABRoundView.swift */ = {isa = PBXFileReference; fileEncoding = 4; lastKnownFileType = sourcecode.swift; name = CABRoundView.swift; path = CalpeApartmentBrief/View/CABRoundView.swift; sourceTree = "<group>"; };
		84EB597B1C94AAF500B778E2 /* CABNumberedItemWithImagePostView.swift */ = {isa = PBXFileReference; fileEncoding = 4; lastKnownFileType = sourcecode.swift; name = CABNumberedItemWithImagePostView.swift; path = CalpeApartmentBrief/View/CABNumberedItemWithImagePostView.swift; sourceTree = "<group>"; };
		84EED0C51C912E580027A153 /* CABCommentedButtonPostView.xib */ = {isa = PBXFileReference; fileEncoding = 4; lastKnownFileType = file.xib; name = CABCommentedButtonPostView.xib; path = CalpeApartmentBrief/View/CABCommentedButtonPostView.xib; sourceTree = "<group>"; };
		84EED0C91C91323F0027A153 /* CABInspectableTextView.swift */ = {isa = PBXFileReference; fileEncoding = 4; lastKnownFileType = sourcecode.swift; name = CABInspectableTextView.swift; path = CalpeApartmentBrief/View/CABInspectableTextView.swift; sourceTree = "<group>"; };
/* End PBXFileReference section */

/* Begin PBXFrameworksBuildPhase section */
		840860B61C8B6A11000AEC6B /* Frameworks */ = {
			isa = PBXFrameworksBuildPhase;
			buildActionMask = 2147483647;
			files = (
			);
			runOnlyForDeploymentPostprocessing = 0;
		};
/* End PBXFrameworksBuildPhase section */

/* Begin PBXGroup section */
		840860B01C8B6A11000AEC6B = {
			isa = PBXGroup;
			children = (
				840860BB1C8B6A11000AEC6B /* CalpeApartmentBrief */,
				840860BA1C8B6A11000AEC6B /* Products */,
			);
			sourceTree = "<group>";
		};
		840860BA1C8B6A11000AEC6B /* Products */ = {
			isa = PBXGroup;
			children = (
				840860B91C8B6A11000AEC6B /* Calpe Apt..app */,
			);
			name = Products;
			sourceTree = "<group>";
		};
		840860BB1C8B6A11000AEC6B /* CalpeApartmentBrief */ = {
			isa = PBXGroup;
			children = (
				840860CE1C8B6A4E000AEC6B /* Model */,
				840860CF1C8B6A56000AEC6B /* View */,
				840860D01C8B6A66000AEC6B /* Controller */,
				840860D11C8B6A79000AEC6B /* Utility */,
				840860D31C8B6B0C000AEC6B /* Resources */,
				840860D51C8B6C34000AEC6B /* Frameworks */,
				840860C01C8B6A12000AEC6B /* Main.storyboard */,
				8437BC7D1CB7FE020053BA86 /* Welcome.storyboard */,
				840860C51C8B6A12000AEC6B /* LaunchScreen.storyboard */,
			);
			path = CalpeApartmentBrief;
			sourceTree = "<group>";
		};
		840860CE1C8B6A4E000AEC6B /* Model */ = {
			isa = PBXGroup;
			children = (
				840860D41C8B6B25000AEC6B /* DataServices */,
				844DA9011C94F5F70022EC5B /* DataResources */,
				844DA9041C94FB430022EC5B /* ModelObjects */,
				840860E41C8B79CF000AEC6B /* CABSections.swift */,
				8484F6161C8E422600F84218 /* CABPostType.swift */,
				8408E2C51CD144ED00E7AC43 /* CABAttractionType.swift */,
			);
			name = Model;
			path = ..;
			sourceTree = "<group>";
		};
		840860CF1C8B6A56000AEC6B /* View */ = {
			isa = PBXGroup;
			children = (
				84EB59761C93941C00B778E2 /* BaseInspectableViews */,
				8437BC771CB7EB660053BA86 /* BaseSectionBackground.storyboard */,
				8484F6201C8E7A5F00F84218 /* CABSuperPostView.swift */,
				8484F61C1C8E629000F84218 /* CABStandartPostView.xib */,
				8484F61E1C8E648700F84218 /* CABStandartPostView.swift */,
				8484F6221C8F1C7D00F84218 /* CABTitledImagePostView.xib */,
				8484F6241C8F59EE00F84218 /* CABTitledImagePostView.swift */,
				84288F5F1CA56C970042C9A6 /* CABButtonPostViewDelegate.swift */,
				847DCB0E1C965FFB0085C08F /* CABTitledButtonPostView.swift */,
				84B1E7631C9A6BB4002FD998 /* CABTitledButtonPostView.xib */,
				84EB59721C9379B800B778E2 /* CABTitledParagraphPostView.xib */,
				847DCB101C9660100085C08F /* CABTitledParagraphPostView.swift */,
				84EED0C51C912E580027A153 /* CABCommentedButtonPostView.xib */,
				847DCB121C9660260085C08F /* CABCommentedButtonPostView.swift */,
				84EB59741C938FA900B778E2 /* CABNumberedItemPostView.xib */,
				847DCB141C9660440085C08F /* CABNumberedItemPostView.swift */,
				84705AEC1C94CA0400EA060A /* CABNumberedItemWithImagePostView.xib */,
				84EB597B1C94AAF500B778E2 /* CABNumberedItemWithImagePostView.swift */,
				8426BC711C9D250E00128B5D /* CABPinnedMapPostView.xib */,
				8426BC751C9D274800128B5D /* CABPinnedMapPostView.swift */,
				84288F651CA9510C0042C9A6 /* CABHomeAnnotationView.swift */,
				840860F61C8BAC4E000AEC6B /* CABMenuTableViewCell.swift */,
				84E76C341CAFE09B005A197C /* CABRuleArticleTableViewCell.swift */,
				84B812501CB0440B0066CC7E /* CABAppliancesArticleTableViewCell.swift */,
				840BA08C1CB2EB58000B5FD0 /* CABAppliancesHeaderTableViewCell.swift */,
			);
			name = View;
			path = ..;
			sourceTree = "<group>";
		};
		840860D01C8B6A66000AEC6B /* Controller */ = {
			isa = PBXGroup;
			children = (
				840861061C8C8C5D000AEC6B /* CABSplitViewController.swift */,
				84B4AE651CCBF7E60094ED65 /* CABCollapsedViewController.swift */,
				84705AEE1C94DD0E00EA060A /* CABBaseSectionGeneratedViewController.swift */,
				840861041C8C7FB1000AEC6B /* CABBaseSectionViewController.swift */,
				8408612C1C8CFB3E000AEC6B /* CABBaseBackgroundViewController.swift */,
				84288F611CA933050042C9A6 /* CABRoutingViewController.swift */,
				840860EE1C8BA1F0000AEC6B /* CABMenuTableViewController.swift */,
				84B4AE671CCBF8E00094ED65 /* CABInfoMapViewController.swift */,
				840861021C8C7CA8000AEC6B /* CABWelcomeViewController.swift */,
				848970A01CAA91C800065F2D /* CABRuleSectionViewController.swift */,
				84E76C3C1CB03561005A197C /* CABAppliancesSectionViewController.swift */,
				84DCB0BC1CCA93E100F08071 /* CABPOISectionViewController.swift */,
			);
			name = Controller;
			path = ..;
			sourceTree = "<group>";
		};
		840860D11C8B6A79000AEC6B /* Utility */ = {
			isa = PBXGroup;
			children = (
				8437BC9D1CB852610053BA86 /* InfoPlist.strings */,
				840860F01C8BA245000AEC6B /* CABAppRespose.swift */,
				840860DC1C8B704B000AEC6B /* Constant.swift */,
				847DCB0C1C9637290085C08F /* ModelConstant.swift */,
				840860E81C8B85A1000AEC6B /* CABThemeProtocol.swift */,
				840860F21C8BA256000AEC6B /* CABThemeOrange.swift */,
				840860F41C8BA264000AEC6B /* UIColor+Extension.swift */,
				847DCB0A1C962CA90085C08F /* NSArray+Extension.swift */,
				840861001C8BD53C000AEC6B /* UIImage+Extension.swift */,
				840860D61C8B6CFE000AEC6B /* AppDelegate.swift */,
				8437BC6D1CB7E6C80053BA86 /* Localizable.strings */,
				840860D71C8B6CFE000AEC6B /* Info.plist */,
			);
			name = Utility;
			path = ..;
			sourceTree = "<group>";
		};
		840860D31C8B6B0C000AEC6B /* Resources */ = {
			isa = PBXGroup;
			children = (
				840860DA1C8B6D67000AEC6B /* Assets.xcassets */,
				840860FE1C8BD289000AEC6B /* Photos.xcassets */,
				84288F631CA94E3B0042C9A6 /* Icons.xcassets */,
			);
			name = Resources;
			sourceTree = "<group>";
		};
		840860D41C8B6B25000AEC6B /* DataServices */ = {
			isa = PBXGroup;
			children = (
				84A684191C950DE3001B4B8E /* CABDataProvider.swift */,
				8408E2C71CD147F000E7AC43 /* CABDataProvider+Attraction.swift */,
			);
			name = DataServices;
			sourceTree = "<group>";
		};
		840860D51C8B6C34000AEC6B /* Frameworks */ = {
			isa = PBXGroup;
			children = (
			);
			name = Frameworks;
			path = ..;
			sourceTree = "<group>";
		};
		844DA9011C94F5F70022EC5B /* DataResources */ = {
			isa = PBXGroup;
			children = (
				8437BC681CB7E25F0053BA86 /* CABArrivalSection.plist */,
				8437BC861CB8443E0053BA86 /* CABDepartureSection.plist */,
				8437BC8B1CB846F90053BA86 /* CABRoureSection.plist */,
				8437BC901CB847880053BA86 /* CABAppliances.plist */,
				8437BC951CB84A670053BA86 /* CABCommunityRules.plist */,
				8408E2C21CD13EAC00E7AC43 /* CABAttractions.plist */,
			);
			name = DataResources;
			sourceTree = "<group>";
		};
		844DA9041C94FB430022EC5B /* ModelObjects */ = {
			isa = PBXGroup;
			children = (
				8484F6181C8E486200F84218 /* CABPostProtocol.swift */,
				844DA9071C94FD320022EC5B /* CABPostStandart.swift */,
				84A6840D1C9503F2001B4B8E /* CABPostTitledImage.swift */,
				84A6840F1C950414001B4B8E /* CABPostTitledButton.swift */,
				84A684111C950433001B4B8E /* CABPostTitledParagraph.swift */,
				84A684131C950459001B4B8E /* CABPostCommentedButton.swift */,
				84A684151C950472001B4B8E /* CABPostNumberedItem.swift */,
				847DCB161C96608B0085C08F /* CABPostNumberedItemWithImage.swift */,
				8426BC731C9D269100128B5D /* CABPostPinnedMap.swift */,
				8426BC7B1C9D729E00128B5D /* CABMapPoint.swift */,
				8408E2C01CD13E2C00E7AC43 /* CABAttractionMapPoint.swift */,
				84E76C3A1CB0296E005A197C /* CABTablePartition.swift */,
				84E76C381CB0290E005A197C /* CABTableArticleWithImage.swift */,
			);
			name = ModelObjects;
			sourceTree = "<group>";
		};
		84EB59761C93941C00B778E2 /* BaseInspectableViews */ = {
			isa = PBXGroup;
			children = (
				8484F61A1C8E4B8A00F84218 /* CABInspectableLabel.swift */,
				84EED0C91C91323F0027A153 /* CABInspectableTextView.swift */,
				84EB59771C93946D00B778E2 /* CABRoundView.swift */,
			);
			name = BaseInspectableViews;
			sourceTree = "<group>";
		};
/* End PBXGroup section */

/* Begin PBXNativeTarget section */
		840860B81C8B6A11000AEC6B /* Calpe Apt. */ = {
			isa = PBXNativeTarget;
			buildConfigurationList = 840860CB1C8B6A12000AEC6B /* Build configuration list for PBXNativeTarget "Calpe Apt." */;
			buildPhases = (
				840860B51C8B6A11000AEC6B /* Sources */,
				840860B61C8B6A11000AEC6B /* Frameworks */,
				840860B71C8B6A11000AEC6B /* Resources */,
			);
			buildRules = (
			);
			dependencies = (
			);
			name = "Calpe Apt.";
			productName = CalpeApartmentBrief;
			productReference = 840860B91C8B6A11000AEC6B /* Calpe Apt..app */;
			productType = "com.apple.product-type.application";
		};
/* End PBXNativeTarget section */

/* Begin PBXProject section */
		840860B11C8B6A11000AEC6B /* Project object */ = {
			isa = PBXProject;
			attributes = {
				LastSwiftUpdateCheck = 0720;
				LastUpgradeCheck = 0720;
				ORGANIZATIONNAME = "Sergey Shvedov";
				TargetAttributes = {
					840860B81C8B6A11000AEC6B = {
						CreatedOnToolsVersion = 7.2.1;
					};
				};
			};
			buildConfigurationList = 840860B41C8B6A11000AEC6B /* Build configuration list for PBXProject "CalpeApartmentBrief" */;
			compatibilityVersion = "Xcode 3.2";
			developmentRegion = English;
			hasScannedForEncodings = 0;
			knownRegions = (
				en,
				Base,
				ru,
				de,
			);
			mainGroup = 840860B01C8B6A11000AEC6B;
			productRefGroup = 840860BA1C8B6A11000AEC6B /* Products */;
			projectDirPath = "";
			projectRoot = "";
			targets = (
				840860B81C8B6A11000AEC6B /* Calpe Apt. */,
			);
		};
/* End PBXProject section */

/* Begin PBXResourcesBuildPhase section */
		840860B71C8B6A11000AEC6B /* Resources */ = {
			isa = PBXResourcesBuildPhase;
			buildActionMask = 2147483647;
			files = (
				84EB59731C9379B800B778E2 /* CABTitledParagraphPostView.xib in Resources */,
				8437BC891CB846F90053BA86 /* CABRoureSection.plist in Resources */,
				8437BC661CB7E25F0053BA86 /* CABArrivalSection.plist in Resources */,
				8437BC931CB84A670053BA86 /* CABCommunityRules.plist in Resources */,
				8437BC6B1CB7E6C80053BA86 /* Localizable.strings in Resources */,
				840860FF1C8BD289000AEC6B /* Photos.xcassets in Resources */,
				84B1E7641C9A6BB4002FD998 /* CABTitledButtonPostView.xib in Resources */,
				8437BC8E1CB847880053BA86 /* CABAppliances.plist in Resources */,
				8484F6231C8F1C7D00F84218 /* CABTitledImagePostView.xib in Resources */,
				8408E2C41CD13EAC00E7AC43 /* CABAttractions.plist in Resources */,
				8437BC9B1CB852610053BA86 /* InfoPlist.strings in Resources */,
				84EED0C61C912E580027A153 /* CABCommentedButtonPostView.xib in Resources */,
				8437BC781CB7EB660053BA86 /* BaseSectionBackground.storyboard in Resources */,
				840860C71C8B6A12000AEC6B /* LaunchScreen.storyboard in Resources */,
				8484F61D1C8E629000F84218 /* CABStandartPostView.xib in Resources */,
				84EB59751C938FA900B778E2 /* CABNumberedItemPostView.xib in Resources */,
				840860C21C8B6A12000AEC6B /* Main.storyboard in Resources */,
				8426BC721C9D250E00128B5D /* CABPinnedMapPostView.xib in Resources */,
				84288F641CA94E3B0042C9A6 /* Icons.xcassets in Resources */,
				840860DB1C8B6D67000AEC6B /* Assets.xcassets in Resources */,
				84705AED1C94CA0400EA060A /* CABNumberedItemWithImagePostView.xib in Resources */,
				8437BC841CB8443E0053BA86 /* CABDepartureSection.plist in Resources */,
				8437BC7B1CB7FE020053BA86 /* Welcome.storyboard in Resources */,
			);
			runOnlyForDeploymentPostprocessing = 0;
		};
/* End PBXResourcesBuildPhase section */

/* Begin PBXSourcesBuildPhase section */
		840860B51C8B6A11000AEC6B /* Sources */ = {
			isa = PBXSourcesBuildPhase;
			buildActionMask = 2147483647;
			files = (
				847DCB151C9660440085C08F /* CABNumberedItemPostView.swift in Sources */,
				8408612D1C8CFB3E000AEC6B /* CABBaseBackgroundViewController.swift in Sources */,
				84E76C351CAFE09B005A197C /* CABRuleArticleTableViewCell.swift in Sources */,
				840860F11C8BA245000AEC6B /* CABAppRespose.swift in Sources */,
				84B4AE681CCBF8E00094ED65 /* CABInfoMapViewController.swift in Sources */,
				8426BC741C9D269100128B5D /* CABPostPinnedMap.swift in Sources */,
				84A684121C950433001B4B8E /* CABPostTitledParagraph.swift in Sources */,
				84288F661CA9510C0042C9A6 /* CABHomeAnnotationView.swift in Sources */,
				84A6841A1C950DE3001B4B8E /* CABDataProvider.swift in Sources */,
				8426BC7C1C9D729E00128B5D /* CABMapPoint.swift in Sources */,
				847DCB0B1C962CA90085C08F /* NSArray+Extension.swift in Sources */,
				84B812511CB0440B0066CC7E /* CABAppliancesArticleTableViewCell.swift in Sources */,
				840860D81C8B6CFE000AEC6B /* AppDelegate.swift in Sources */,
				847DCB111C9660100085C08F /* CABTitledParagraphPostView.swift in Sources */,
				84B4AE661CCBF7E60094ED65 /* CABCollapsedViewController.swift in Sources */,
				84288F601CA56C970042C9A6 /* CABButtonPostViewDelegate.swift in Sources */,
				840861071C8C8C5D000AEC6B /* CABSplitViewController.swift in Sources */,
				8408E2C81CD147F000E7AC43 /* CABDataProvider+Attraction.swift in Sources */,
				840861051C8C7FB1000AEC6B /* CABBaseSectionViewController.swift in Sources */,
				84E76C3D1CB03561005A197C /* CABAppliancesSectionViewController.swift in Sources */,
				840860F51C8BA264000AEC6B /* UIColor+Extension.swift in Sources */,
				8426BC761C9D274800128B5D /* CABPinnedMapPostView.swift in Sources */,
				847DCB131C9660260085C08F /* CABCommentedButtonPostView.swift in Sources */,
				84A684101C950414001B4B8E /* CABPostTitledButton.swift in Sources */,
				840860EF1C8BA1F0000AEC6B /* CABMenuTableViewController.swift in Sources */,
				844DA9081C94FD320022EC5B /* CABPostStandart.swift in Sources */,
				8484F6171C8E422600F84218 /* CABPostType.swift in Sources */,
				84705AEF1C94DD0E00EA060A /* CABBaseSectionGeneratedViewController.swift in Sources */,
				840860DD1C8B704B000AEC6B /* Constant.swift in Sources */,
				8484F61B1C8E4B8A00F84218 /* CABInspectableLabel.swift in Sources */,
				840861031C8C7CA8000AEC6B /* CABWelcomeViewController.swift in Sources */,
				847DCB0F1C965FFB0085C08F /* CABTitledButtonPostView.swift in Sources */,
				84EB59781C93946D00B778E2 /* CABRoundView.swift in Sources */,
				84288F621CA933050042C9A6 /* CABRoutingViewController.swift in Sources */,
				840BA08D1CB2EB58000B5FD0 /* CABAppliancesHeaderTableViewCell.swift in Sources */,
				840860E91C8B85A1000AEC6B /* CABThemeProtocol.swift in Sources */,
				8408E2C61CD144ED00E7AC43 /* CABAttractionType.swift in Sources */,
				8408E2C11CD13E2C00E7AC43 /* CABAttractionMapPoint.swift in Sources */,
				8484F6191C8E486200F84218 /* CABPostProtocol.swift in Sources */,
				84A684161C950472001B4B8E /* CABPostNumberedItem.swift in Sources */,
				840860F31C8BA256000AEC6B /* CABThemeOrange.swift in Sources */,
				840860E51C8B79CF000AEC6B /* CABSections.swift in Sources */,
				840861011C8BD53C000AEC6B /* UIImage+Extension.swift in Sources */,
				840860F71C8BAC4E000AEC6B /* CABMenuTableViewCell.swift in Sources */,
				8484F61F1C8E648700F84218 /* CABStandartPostView.swift in Sources */,
				84EED0CA1C91323F0027A153 /* CABInspectableTextView.swift in Sources */,
				84E76C391CB0290E005A197C /* CABTableArticleWithImage.swift in Sources */,
				84DCB0BD1CCA93E100F08071 /* CABPOISectionViewController.swift in Sources */,
				84A684141C950459001B4B8E /* CABPostCommentedButton.swift in Sources */,
				84A6840E1C9503F2001B4B8E /* CABPostTitledImage.swift in Sources */,
				8484F6211C8E7A5F00F84218 /* CABSuperPostView.swift in Sources */,
				848970A11CAA91C800065F2D /* CABRuleSectionViewController.swift in Sources */,
				8484F6251C8F59EE00F84218 /* CABTitledImagePostView.swift in Sources */,
				84EB597C1C94AAF500B778E2 /* CABNumberedItemWithImagePostView.swift in Sources */,
				847DCB0D1C9637290085C08F /* ModelConstant.swift in Sources */,
				847DCB171C96608B0085C08F /* CABPostNumberedItemWithImage.swift in Sources */,
				84E76C3B1CB0296E005A197C /* CABTablePartition.swift in Sources */,
			);
			runOnlyForDeploymentPostprocessing = 0;
		};
/* End PBXSourcesBuildPhase section */

/* Begin PBXVariantGroup section */
		840860C01C8B6A12000AEC6B /* Main.storyboard */ = {
			isa = PBXVariantGroup;
			children = (
				840860C11C8B6A12000AEC6B /* Base */,
				8437BC5E1CB7DB670053BA86 /* ru */,
				8437BC5F1CB7DB8B0053BA86 /* de */,
			);
			name = Main.storyboard;
			sourceTree = "<group>";
		};
		840860C51C8B6A12000AEC6B /* LaunchScreen.storyboard */ = {
			isa = PBXVariantGroup;
			children = (
				840860C61C8B6A12000AEC6B /* Base */,
				8437BC981CB852600053BA86 /* ru */,
				8437BC9E1CB852780053BA86 /* de */,
			);
			name = LaunchScreen.storyboard;
			sourceTree = "<group>";
		};
		8408E2C21CD13EAC00E7AC43 /* CABAttractions.plist */ = {
			isa = PBXVariantGroup;
			children = (
				8408E2C31CD13EAC00E7AC43 /* Base */,
			);
			name = CABAttractions.plist;
			sourceTree = "<group>";
		};
		8437BC681CB7E25F0053BA86 /* CABArrivalSection.plist */ = {
			isa = PBXVariantGroup;
			children = (
				8437BC671CB7E25F0053BA86 /* Base */,
				8437BC691CB7E2650053BA86 /* ru */,
				8437BC6A1CB7E2660053BA86 /* de */,
			);
			name = CABArrivalSection.plist;
			path = CalpeApartmentBrief/Model;
			sourceTree = "<group>";
		};
		8437BC6D1CB7E6C80053BA86 /* Localizable.strings */ = {
			isa = PBXVariantGroup;
			children = (
				8437BC6C1CB7E6C80053BA86 /* Base */,
				8437BC6E1CB7E6CD0053BA86 /* ru */,
				8437BC6F1CB7E6CE0053BA86 /* de */,
			);
			name = Localizable.strings;
			path = CalpeApartmentBrief/Utility;
			sourceTree = "<group>";
		};
		8437BC7D1CB7FE020053BA86 /* Welcome.storyboard */ = {
			isa = PBXVariantGroup;
			children = (
				8437BC7C1CB7FE020053BA86 /* Base */,
				8437BC821CB7FE0F0053BA86 /* ru */,
				8437BC831CB7FE140053BA86 /* de */,
			);
			name = Welcome.storyboard;
			path = View;
			sourceTree = "<group>";
		};
		8437BC861CB8443E0053BA86 /* CABDepartureSection.plist */ = {
			isa = PBXVariantGroup;
			children = (
				8437BC851CB8443E0053BA86 /* Base */,
				8437BC871CB844410053BA86 /* ru */,
				8437BC881CB844420053BA86 /* de */,
			);
			name = CABDepartureSection.plist;
			path = CalpeApartmentBrief/Model;
			sourceTree = "<group>";
		};
		8437BC8B1CB846F90053BA86 /* CABRoureSection.plist */ = {
			isa = PBXVariantGroup;
			children = (
				8437BC8A1CB846F90053BA86 /* Base */,
				8437BC8C1CB846FB0053BA86 /* ru */,
				8437BC8D1CB846FC0053BA86 /* de */,
			);
			name = CABRoureSection.plist;
			path = CalpeApartmentBrief/Model;
			sourceTree = "<group>";
		};
		8437BC901CB847880053BA86 /* CABAppliances.plist */ = {
			isa = PBXVariantGroup;
			children = (
				8437BC8F1CB847880053BA86 /* Base */,
				8437BC911CB847890053BA86 /* ru */,
				8437BC921CB8478A0053BA86 /* de */,
			);
			name = CABAppliances.plist;
			path = CalpeApartmentBrief/Model;
			sourceTree = "<group>";
		};
		8437BC951CB84A670053BA86 /* CABCommunityRules.plist */ = {
			isa = PBXVariantGroup;
			children = (
				8437BC941CB84A670053BA86 /* Base */,
				8437BC961CB84A690053BA86 /* ru */,
				8437BC971CB84A6A0053BA86 /* de */,
			);
			name = CABCommunityRules.plist;
			path = CalpeApartmentBrief/Model;
			sourceTree = "<group>";
		};
		8437BC9D1CB852610053BA86 /* InfoPlist.strings */ = {
			isa = PBXVariantGroup;
			children = (
				8437BC9C1CB852610053BA86 /* ru */,
				8437BC9F1CB852780053BA86 /* de */,
			);
			name = InfoPlist.strings;
			path = CalpeApartmentBrief/Utility;
			sourceTree = "<group>";
		};
/* End PBXVariantGroup section */

/* Begin XCBuildConfiguration section */
		840860C91C8B6A12000AEC6B /* Debug */ = {
			isa = XCBuildConfiguration;
			buildSettings = {
				ALWAYS_SEARCH_USER_PATHS = NO;
				CLANG_CXX_LANGUAGE_STANDARD = "gnu++0x";
				CLANG_CXX_LIBRARY = "libc++";
				CLANG_ENABLE_MODULES = YES;
				CLANG_ENABLE_OBJC_ARC = YES;
				CLANG_WARN_BOOL_CONVERSION = YES;
				CLANG_WARN_CONSTANT_CONVERSION = YES;
				CLANG_WARN_DIRECT_OBJC_ISA_USAGE = YES_ERROR;
				CLANG_WARN_EMPTY_BODY = YES;
				CLANG_WARN_ENUM_CONVERSION = YES;
				CLANG_WARN_INT_CONVERSION = YES;
				CLANG_WARN_OBJC_ROOT_CLASS = YES_ERROR;
				CLANG_WARN_UNREACHABLE_CODE = YES;
				CLANG_WARN__DUPLICATE_METHOD_MATCH = YES;
				"CODE_SIGN_IDENTITY[sdk=iphoneos*]" = "iPhone Developer";
				COPY_PHASE_STRIP = NO;
				DEBUG_INFORMATION_FORMAT = dwarf;
				ENABLE_STRICT_OBJC_MSGSEND = YES;
				ENABLE_TESTABILITY = YES;
				GCC_C_LANGUAGE_STANDARD = gnu99;
				GCC_DYNAMIC_NO_PIC = NO;
				GCC_NO_COMMON_BLOCKS = YES;
				GCC_OPTIMIZATION_LEVEL = 0;
				GCC_PREPROCESSOR_DEFINITIONS = (
					"DEBUG=1",
					"$(inherited)",
				);
				GCC_WARN_64_TO_32_BIT_CONVERSION = YES;
				GCC_WARN_ABOUT_RETURN_TYPE = YES_ERROR;
				GCC_WARN_UNDECLARED_SELECTOR = YES;
				GCC_WARN_UNINITIALIZED_AUTOS = YES_AGGRESSIVE;
				GCC_WARN_UNUSED_FUNCTION = YES;
				GCC_WARN_UNUSED_VARIABLE = YES;
				IPHONEOS_DEPLOYMENT_TARGET = 9.2;
				MTL_ENABLE_DEBUG_INFO = YES;
				ONLY_ACTIVE_ARCH = YES;
				SDKROOT = iphoneos;
				SWIFT_OPTIMIZATION_LEVEL = "-Onone";
				TARGETED_DEVICE_FAMILY = "1,2";
			};
			name = Debug;
		};
		840860CA1C8B6A12000AEC6B /* Release */ = {
			isa = XCBuildConfiguration;
			buildSettings = {
				ALWAYS_SEARCH_USER_PATHS = NO;
				CLANG_CXX_LANGUAGE_STANDARD = "gnu++0x";
				CLANG_CXX_LIBRARY = "libc++";
				CLANG_ENABLE_MODULES = YES;
				CLANG_ENABLE_OBJC_ARC = YES;
				CLANG_WARN_BOOL_CONVERSION = YES;
				CLANG_WARN_CONSTANT_CONVERSION = YES;
				CLANG_WARN_DIRECT_OBJC_ISA_USAGE = YES_ERROR;
				CLANG_WARN_EMPTY_BODY = YES;
				CLANG_WARN_ENUM_CONVERSION = YES;
				CLANG_WARN_INT_CONVERSION = YES;
				CLANG_WARN_OBJC_ROOT_CLASS = YES_ERROR;
				CLANG_WARN_UNREACHABLE_CODE = YES;
				CLANG_WARN__DUPLICATE_METHOD_MATCH = YES;
				"CODE_SIGN_IDENTITY[sdk=iphoneos*]" = "iPhone Developer";
				COPY_PHASE_STRIP = NO;
				DEBUG_INFORMATION_FORMAT = "dwarf-with-dsym";
				ENABLE_NS_ASSERTIONS = NO;
				ENABLE_STRICT_OBJC_MSGSEND = YES;
				GCC_C_LANGUAGE_STANDARD = gnu99;
				GCC_NO_COMMON_BLOCKS = YES;
				GCC_WARN_64_TO_32_BIT_CONVERSION = YES;
				GCC_WARN_ABOUT_RETURN_TYPE = YES_ERROR;
				GCC_WARN_UNDECLARED_SELECTOR = YES;
				GCC_WARN_UNINITIALIZED_AUTOS = YES_AGGRESSIVE;
				GCC_WARN_UNUSED_FUNCTION = YES;
				GCC_WARN_UNUSED_VARIABLE = YES;
				IPHONEOS_DEPLOYMENT_TARGET = 9.2;
				MTL_ENABLE_DEBUG_INFO = NO;
				SDKROOT = iphoneos;
				TARGETED_DEVICE_FAMILY = "1,2";
				VALIDATE_PRODUCT = YES;
			};
			name = Release;
		};
		840860CC1C8B6A12000AEC6B /* Debug */ = {
			isa = XCBuildConfiguration;
			buildSettings = {
				ASSETCATALOG_COMPILER_APPICON_NAME = AppIcon;
				CODE_SIGN_IDENTITY = "iPhone Developer";
				INFOPLIST_FILE = "$(SRCROOT)/CalpeApartmentBrief/Utility/Info.plist";
				LD_RUNPATH_SEARCH_PATHS = "$(inherited) @executable_path/Frameworks";
				PRODUCT_BUNDLE_IDENTIFIER = info.shvedov.CalpeApartment;
				PRODUCT_NAME = "$(TARGET_NAME)";
				PROVISIONING_PROFILE = "";
				TARGETED_DEVICE_FAMILY = "1,2";
			};
			name = Debug;
		};
		840860CD1C8B6A12000AEC6B /* Release */ = {
			isa = XCBuildConfiguration;
			buildSettings = {
				ASSETCATALOG_COMPILER_APPICON_NAME = AppIcon;
				CODE_SIGN_IDENTITY = "iPhone Developer";
				"CODE_SIGN_IDENTITY[sdk=iphoneos*]" = "iPhone Developer";
				INFOPLIST_FILE = "$(SRCROOT)/CalpeApartmentBrief/Utility/Info.plist";
				LD_RUNPATH_SEARCH_PATHS = "$(inherited) @executable_path/Frameworks";
				PRODUCT_BUNDLE_IDENTIFIER = info.shvedov.CalpeApartment;
				PRODUCT_NAME = "$(TARGET_NAME)";
				PROVISIONING_PROFILE = "";
				TARGETED_DEVICE_FAMILY = "1,2";
			};
			name = Release;
		};
/* End XCBuildConfiguration section */

/* Begin XCConfigurationList section */
		840860B41C8B6A11000AEC6B /* Build configuration list for PBXProject "CalpeApartmentBrief" */ = {
			isa = XCConfigurationList;
			buildConfigurations = (
				840860C91C8B6A12000AEC6B /* Debug */,
				840860CA1C8B6A12000AEC6B /* Release */,
			);
			defaultConfigurationIsVisible = 0;
			defaultConfigurationName = Release;
		};
		840860CB1C8B6A12000AEC6B /* Build configuration list for PBXNativeTarget "Calpe Apt." */ = {
			isa = XCConfigurationList;
			buildConfigurations = (
				840860CC1C8B6A12000AEC6B /* Debug */,
				840860CD1C8B6A12000AEC6B /* Release */,
			);
			defaultConfigurationIsVisible = 0;
			defaultConfigurationName = Release;
		};
/* End XCConfigurationList section */
	};
	rootObject = 840860B11C8B6A11000AEC6B /* Project object */;
}
